// !$*UTF8*$!
{
	archiveVersion = 1;
	classes = {
	};
	objectVersion = 50;
	objects = {

/* Begin PBXBuildFile section */
		A2D0A1412422F8C7004505F8 /* AppDelegate.swift in Sources */ = {isa = PBXBuildFile; fileRef = A2D0A1402422F8C7004505F8 /* AppDelegate.swift */; };
		A2D0A1432422F8C7004505F8 /* GameScene.sks in Resources */ = {isa = PBXBuildFile; fileRef = A2D0A1422422F8C7004505F8 /* GameScene.sks */; };
		A2D0A1472422F8C7004505F8 /* GameScene.swift in Sources */ = {isa = PBXBuildFile; fileRef = A2D0A1462422F8C7004505F8 /* GameScene.swift */; };
		A2D0A1492422F8C7004505F8 /* GameViewController.swift in Sources */ = {isa = PBXBuildFile; fileRef = A2D0A1482422F8C7004505F8 /* GameViewController.swift */; };
		A2D0A14C2422F8C7004505F8 /* Main.storyboard in Resources */ = {isa = PBXBuildFile; fileRef = A2D0A14A2422F8C7004505F8 /* Main.storyboard */; };
		A2D0A14E2422F8C8004505F8 /* Assets.xcassets in Resources */ = {isa = PBXBuildFile; fileRef = A2D0A14D2422F8C8004505F8 /* Assets.xcassets */; };
		A2D0A1512422F8C8004505F8 /* LaunchScreen.storyboard in Resources */ = {isa = PBXBuildFile; fileRef = A2D0A14F2422F8C8004505F8 /* LaunchScreen.storyboard */; };
		A2D0A1592422F95F004505F8 /* level1.txt in Resources */ = {isa = PBXBuildFile; fileRef = A2D0A1582422F95F004505F8 /* level1.txt */; };
		A2D0A15E2422F9D0004505F8 /* level4.txt in Resources */ = {isa = PBXBuildFile; fileRef = A2D0A15A2422F9CF004505F8 /* level4.txt */; };
		A2D0A15F2422F9D0004505F8 /* level2.txt in Resources */ = {isa = PBXBuildFile; fileRef = A2D0A15B2422F9CF004505F8 /* level2.txt */; };
		A2D0A1602422F9D0004505F8 /* level3.txt in Resources */ = {isa = PBXBuildFile; fileRef = A2D0A15C2422F9CF004505F8 /* level3.txt */; };
		A2D0A1612422F9D0004505F8 /* level5.txt in Resources */ = {isa = PBXBuildFile; fileRef = A2D0A15D2422F9CF004505F8 /* level5.txt */; };
/* End PBXBuildFile section */

/* Begin PBXFileReference section */
		A2D0A13D2422F8C7004505F8 /* g1_Woksape.app */ = {isa = PBXFileReference; explicitFileType = wrapper.application; includeInIndex = 0; path = g1_Woksape.app; sourceTree = BUILT_PRODUCTS_DIR; };
		A2D0A1402422F8C7004505F8 /* AppDelegate.swift */ = {isa = PBXFileReference; lastKnownFileType = sourcecode.swift; path = AppDelegate.swift; sourceTree = "<group>"; };
		A2D0A1422422F8C7004505F8 /* GameScene.sks */ = {isa = PBXFileReference; lastKnownFileType = file.sks; path = GameScene.sks; sourceTree = "<group>"; };
		A2D0A1462422F8C7004505F8 /* GameScene.swift */ = {isa = PBXFileReference; lastKnownFileType = sourcecode.swift; path = GameScene.swift; sourceTree = "<group>"; };
		A2D0A1482422F8C7004505F8 /* GameViewController.swift */ = {isa = PBXFileReference; lastKnownFileType = sourcecode.swift; path = GameViewController.swift; sourceTree = "<group>"; };
		A2D0A14B2422F8C7004505F8 /* Base */ = {isa = PBXFileReference; lastKnownFileType = file.storyboard; name = Base; path = Base.lproj/Main.storyboard; sourceTree = "<group>"; };
		A2D0A14D2422F8C8004505F8 /* Assets.xcassets */ = {isa = PBXFileReference; lastKnownFileType = folder.assetcatalog; path = Assets.xcassets; sourceTree = "<group>"; };
		A2D0A1502422F8C8004505F8 /* Base */ = {isa = PBXFileReference; lastKnownFileType = file.storyboard; name = Base; path = Base.lproj/LaunchScreen.storyboard; sourceTree = "<group>"; };
		A2D0A1522422F8C8004505F8 /* Info.plist */ = {isa = PBXFileReference; lastKnownFileType = text.plist.xml; path = Info.plist; sourceTree = "<group>"; };
		A2D0A1582422F95F004505F8 /* level1.txt */ = {isa = PBXFileReference; fileEncoding = 4; lastKnownFileType = text; path = level1.txt; sourceTree = "<group>"; };
		A2D0A15A2422F9CF004505F8 /* level4.txt */ = {isa = PBXFileReference; fileEncoding = 4; lastKnownFileType = text; path = level4.txt; sourceTree = "<group>"; };
		A2D0A15B2422F9CF004505F8 /* level2.txt */ = {isa = PBXFileReference; fileEncoding = 4; lastKnownFileType = text; path = level2.txt; sourceTree = "<group>"; };
		A2D0A15C2422F9CF004505F8 /* level3.txt */ = {isa = PBXFileReference; fileEncoding = 4; lastKnownFileType = text; path = level3.txt; sourceTree = "<group>"; };
		A2D0A15D2422F9CF004505F8 /* level5.txt */ = {isa = PBXFileReference; fileEncoding = 4; lastKnownFileType = text; path = level5.txt; sourceTree = "<group>"; };
/* End PBXFileReference section */

/* Begin PBXFrameworksBuildPhase section */
		A2D0A13A2422F8C7004505F8 /* Frameworks */ = {
			isa = PBXFrameworksBuildPhase;
			buildActionMask = 2147483647;
			files = (
			);
			runOnlyForDeploymentPostprocessing = 0;
		};
/* End PBXFrameworksBuildPhase section */

/* Begin PBXGroup section */
		A2D0A1342422F8C7004505F8 = {
			isa = PBXGroup;
			children = (
				A2D0A13F2422F8C7004505F8 /* g1_Woksape */,
				A2D0A13E2422F8C7004505F8 /* Products */,
			);
			sourceTree = "<group>";
		};
		A2D0A13E2422F8C7004505F8 /* Products */ = {
			isa = PBXGroup;
			children = (
				A2D0A13D2422F8C7004505F8 /* g1_Woksape.app */,
			);
			name = Products;
			sourceTree = "<group>";
		};
		A2D0A13F2422F8C7004505F8 /* g1_Woksape */ = {
			isa = PBXGroup;
			children = (
				A2D0A1402422F8C7004505F8 /* AppDelegate.swift */,
				A2D0A1422422F8C7004505F8 /* GameScene.sks */,
				A2D0A1462422F8C7004505F8 /* GameScene.swift */,
				A2D0A1482422F8C7004505F8 /* GameViewController.swift */,
				A2D0A14A2422F8C7004505F8 /* Main.storyboard */,
				A2D0A14D2422F8C8004505F8 /* Assets.xcassets */,
				A2D0A14F2422F8C8004505F8 /* LaunchScreen.storyboard */,
				A2D0A1522422F8C8004505F8 /* Info.plist */,
				A2D0A1582422F95F004505F8 /* level1.txt */,
				A2D0A15B2422F9CF004505F8 /* level2.txt */,
				A2D0A15C2422F9CF004505F8 /* level3.txt */,
				A2D0A15A2422F9CF004505F8 /* level4.txt */,
				A2D0A15D2422F9CF004505F8 /* level5.txt */,
			);
			path = g1_Woksape;
			sourceTree = "<group>";
		};
/* End PBXGroup section */

/* Begin PBXNativeTarget section */
		A2D0A13C2422F8C7004505F8 /* g1_Woksape */ = {
			isa = PBXNativeTarget;
			buildConfigurationList = A2D0A1552422F8C8004505F8 /* Build configuration list for PBXNativeTarget "g1_Woksape" */;
			buildPhases = (
				A2D0A1392422F8C7004505F8 /* Sources */,
				A2D0A13A2422F8C7004505F8 /* Frameworks */,
				A2D0A13B2422F8C7004505F8 /* Resources */,
			);
			buildRules = (
			);
			dependencies = (
			);
			name = g1_Woksape;
			productName = g1_Woksape;
			productReference = A2D0A13D2422F8C7004505F8 /* g1_Woksape.app */;
			productType = "com.apple.product-type.application";
		};
/* End PBXNativeTarget section */

/* Begin PBXProject section */
		A2D0A1352422F8C7004505F8 /* Project object */ = {
			isa = PBXProject;
			attributes = {
				LastSwiftUpdateCheck = 1140;
				LastUpgradeCheck = 1140;
				ORGANIZATIONNAME = "Kelly Rudnicki";
				TargetAttributes = {
					A2D0A13C2422F8C7004505F8 = {
						CreatedOnToolsVersion = 11.4;
					};
				};
			};
			buildConfigurationList = A2D0A1382422F8C7004505F8 /* Build configuration list for PBXProject "g1_Woksape" */;
			compatibilityVersion = "Xcode 9.3";
			developmentRegion = en;
			hasScannedForEncodings = 0;
			knownRegions = (
				en,
				Base,
			);
			mainGroup = A2D0A1342422F8C7004505F8;
			productRefGroup = A2D0A13E2422F8C7004505F8 /* Products */;
			projectDirPath = "";
			projectRoot = "";
			targets = (
				A2D0A13C2422F8C7004505F8 /* g1_Woksape */,
			);
		};
/* End PBXProject section */

/* Begin PBXResourcesBuildPhase section */
		A2D0A13B2422F8C7004505F8 /* Resources */ = {
			isa = PBXResourcesBuildPhase;
			buildActionMask = 2147483647;
			files = (
				A2D0A15E2422F9D0004505F8 /* level4.txt in Resources */,
				A2D0A15F2422F9D0004505F8 /* level2.txt in Resources */,
				A2D0A1592422F95F004505F8 /* level1.txt in Resources */,
				A2D0A1602422F9D0004505F8 /* level3.txt in Resources */,
				A2D0A14C2422F8C7004505F8 /* Main.storyboard in Resources */,
				A2D0A1612422F9D0004505F8 /* level5.txt in Resources */,
				A2D0A1432422F8C7004505F8 /* GameScene.sks in Resources */,
				A2D0A14E2422F8C8004505F8 /* Assets.xcassets in Resources */,
				A2D0A1512422F8C8004505F8 /* LaunchScreen.storyboard in Resources */,
			);
			runOnlyForDeploymentPostprocessing = 0;
		};
/* End PBXResourcesBuildPhase section */

/* Begin PBXSourcesBuildPhase section */
		A2D0A1392422F8C7004505F8 /* Sources */ = {
			isa = PBXSourcesBuildPhase;
			buildActionMask = 2147483647;
			files = (
				A2D0A1472422F8C7004505F8 /* GameScene.swift in Sources */,
				A2D0A1492422F8C7004505F8 /* GameViewController.swift in Sources */,
				A2D0A1412422F8C7004505F8 /* AppDelegate.swift in Sources */,
			);
			runOnlyForDeploymentPostprocessing = 0;
		};
/* End PBXSourcesBuildPhase section */

/* Begin PBXVariantGroup section */
		A2D0A14A2422F8C7004505F8 /* Main.storyboard */ = {
			isa = PBXVariantGroup;
			children = (
				A2D0A14B2422F8C7004505F8 /* Base */,
			);
			name = Main.storyboard;
			sourceTree = "<group>";
		};
		A2D0A14F2422F8C8004505F8 /* LaunchScreen.storyboard */ = {
			isa = PBXVariantGroup;
			children = (
				A2D0A1502422F8C8004505F8 /* Base */,
			);
			name = LaunchScreen.storyboard;
			sourceTree = "<group>";
		};
/* End PBXVariantGroup section */

/* Begin XCBuildConfiguration section */
		A2D0A1532422F8C8004505F8 /* Debug */ = {
			isa = XCBuildConfiguration;
			buildSettings = {
				ALWAYS_SEARCH_USER_PATHS = NO;
				CLANG_ANALYZER_NONNULL = YES;
				CLANG_ANALYZER_NUMBER_OBJECT_CONVERSION = YES_AGGRESSIVE;
				CLANG_CXX_LANGUAGE_STANDARD = "gnu++14";
				CLANG_CXX_LIBRARY = "libc++";
				CLANG_ENABLE_MODULES = YES;
				CLANG_ENABLE_OBJC_ARC = YES;
				CLANG_ENABLE_OBJC_WEAK = YES;
				CLANG_WARN_BLOCK_CAPTURE_AUTORELEASING = YES;
				CLANG_WARN_BOOL_CONVERSION = YES;
				CLANG_WARN_COMMA = YES;
				CLANG_WARN_CONSTANT_CONVERSION = YES;
				CLANG_WARN_DEPRECATED_OBJC_IMPLEMENTATIONS = YES;
				CLANG_WARN_DIRECT_OBJC_ISA_USAGE = YES_ERROR;
				CLANG_WARN_DOCUMENTATION_COMMENTS = YES;
				CLANG_WARN_EMPTY_BODY = YES;
				CLANG_WARN_ENUM_CONVERSION = YES;
				CLANG_WARN_INFINITE_RECURSION = YES;
				CLANG_WARN_INT_CONVERSION = YES;
				CLANG_WARN_NON_LITERAL_NULL_CONVERSION = YES;
				CLANG_WARN_OBJC_IMPLICIT_RETAIN_SELF = YES;
				CLANG_WARN_OBJC_LITERAL_CONVERSION = YES;
				CLANG_WARN_OBJC_ROOT_CLASS = YES_ERROR;
				CLANG_WARN_RANGE_LOOP_ANALYSIS = YES;
				CLANG_WARN_STRICT_PROTOTYPES = YES;
				CLANG_WARN_SUSPICIOUS_MOVE = YES;
				CLANG_WARN_UNGUARDED_AVAILABILITY = YES_AGGRESSIVE;
				CLANG_WARN_UNREACHABLE_CODE = YES;
				CLANG_WARN__DUPLICATE_METHOD_MATCH = YES;
				COPY_PHASE_STRIP = NO;
				DEBUG_INFORMATION_FORMAT = dwarf;
				ENABLE_STRICT_OBJC_MSGSEND = YES;
				ENABLE_TESTABILITY = YES;
				GCC_C_LANGUAGE_STANDARD = gnu11;
				GCC_DYNAMIC_NO_PIC = NO;
				GCC_NO_COMMON_BLOCKS = YES;
				GCC_OPTIMIZATION_LEVEL = 0;
				GCC_PREPROCESSOR_DEFINITIONS = (
					"DEBUG=1",
					"$(inherited)",
				);
				GCC_WARN_64_TO_32_BIT_CONVERSION = YES;
				GCC_WARN_ABOUT_RETURN_TYPE = YES_ERROR;
				GCC_WARN_UNDECLARED_SELECTOR = YES;
				GCC_WARN_UNINITIALIZED_AUTOS = YES_AGGRESSIVE;
				GCC_WARN_UNUSED_FUNCTION = YES;
				GCC_WARN_UNUSED_VARIABLE = YES;
				IPHONEOS_DEPLOYMENT_TARGET = 13.4;
				MTL_ENABLE_DEBUG_INFO = INCLUDE_SOURCE;
				MTL_FAST_MATH = YES;
				ONLY_ACTIVE_ARCH = YES;
				SDKROOT = iphoneos;
				SWIFT_ACTIVE_COMPILATION_CONDITIONS = DEBUG;
				SWIFT_OPTIMIZATION_LEVEL = "-Onone";
			};
			name = Debug;
		};
		A2D0A1542422F8C8004505F8 /* Release */ = {
			isa = XCBuildConfiguration;
			buildSettings = {
				ALWAYS_SEARCH_USER_PATHS = NO;
				CLANG_ANALYZER_NONNULL = YES;
				CLANG_ANALYZER_NUMBER_OBJECT_CONVERSION = YES_AGGRESSIVE;
				CLANG_CXX_LANGUAGE_STANDARD = "gnu++14";
				CLANG_CXX_LIBRARY = "libc++";
				CLANG_ENABLE_MODULES = YES;
				CLANG_ENABLE_OBJC_ARC = YES;
				CLANG_ENABLE_OBJC_WEAK = YES;
				CLANG_WARN_BLOCK_CAPTURE_AUTORELEASING = YES;
				CLANG_WARN_BOOL_CONVERSION = YES;
				CLANG_WARN_COMMA = YES;
				CLANG_WARN_CONSTANT_CONVERSION = YES;
				CLANG_WARN_DEPRECATED_OBJC_IMPLEMENTATIONS = YES;
				CLANG_WARN_DIRECT_OBJC_ISA_USAGE = YES_ERROR;
				CLANG_WARN_DOCUMENTATION_COMMENTS = YES;
				CLANG_WARN_EMPTY_BODY = YES;
				CLANG_WARN_ENUM_CONVERSION = YES;
				CLANG_WARN_INFINITE_RECURSION = YES;
				CLANG_WARN_INT_CONVERSION = YES;
				CLANG_WARN_NON_LITERAL_NULL_CONVERSION = YES;
				CLANG_WARN_OBJC_IMPLICIT_RETAIN_SELF = YES;
				CLANG_WARN_OBJC_LITERAL_CONVERSION = YES;
				CLANG_WARN_OBJC_ROOT_CLASS = YES_ERROR;
				CLANG_WARN_RANGE_LOOP_ANALYSIS = YES;
				CLANG_WARN_STRICT_PROTOTYPES = YES;
				CLANG_WARN_SUSPICIOUS_MOVE = YES;
				CLANG_WARN_UNGUARDED_AVAILABILITY = YES_AGGRESSIVE;
				CLANG_WARN_UNREACHABLE_CODE = YES;
				CLANG_WARN__DUPLICATE_METHOD_MATCH = YES;
				COPY_PHASE_STRIP = NO;
				DEBUG_INFORMATION_FORMAT = "dwarf-with-dsym";
				ENABLE_NS_ASSERTIONS = NO;
				ENABLE_STRICT_OBJC_MSGSEND = YES;
				GCC_C_LANGUAGE_STANDARD = gnu11;
				GCC_NO_COMMON_BLOCKS = YES;
				GCC_WARN_64_TO_32_BIT_CONVERSION = YES;
				GCC_WARN_ABOUT_RETURN_TYPE = YES_ERROR;
				GCC_WARN_UNDECLARED_SELECTOR = YES;
				GCC_WARN_UNINITIALIZED_AUTOS = YES_AGGRESSIVE;
				GCC_WARN_UNUSED_FUNCTION = YES;
				GCC_WARN_UNUSED_VARIABLE = YES;
				IPHONEOS_DEPLOYMENT_TARGET = 13.4;
				MTL_ENABLE_DEBUG_INFO = NO;
				MTL_FAST_MATH = YES;
				SDKROOT = iphoneos;
				SWIFT_COMPILATION_MODE = wholemodule;
				SWIFT_OPTIMIZATION_LEVEL = "-O";
				VALIDATE_PRODUCT = YES;
			};
			name = Release;
		};
		A2D0A1562422F8C8004505F8 /* Debug */ = {
			isa = XCBuildConfiguration;
			buildSettings = {
				ASSETCATALOG_COMPILER_APPICON_NAME = AppIcon;
				CODE_SIGN_STYLE = Automatic;
				DEVELOPMENT_TEAM = YR599F2Z9Y;
				INFOPLIST_FILE = g1_Woksape/Info.plist;
				IPHONEOS_DEPLOYMENT_TARGET = 13.1;
				LD_RUNPATH_SEARCH_PATHS = (
					"$(inherited)",
					"@executable_path/Frameworks",
				);
				PRODUCT_BUNDLE_IDENTIFIER = "com.krudnicki.g1-Woksape";
				PRODUCT_NAME = "$(TARGET_NAME)";
				SWIFT_VERSION = 5.0;
				TARGETED_DEVICE_FAMILY = 1;
			};
			name = Debug;
		};
		A2D0A1572422F8C8004505F8 /* Release */ = {
			isa = XCBuildConfiguration;
			buildSettings = {
				ASSETCATALOG_COMPILER_APPICON_NAME = AppIcon;
				CODE_SIGN_STYLE = Automatic;
				DEVELOPMENT_TEAM = YR599F2Z9Y;
				INFOPLIST_FILE = g1_Woksape/Info.plist;
				IPHONEOS_DEPLOYMENT_TARGET = 13.1;
				LD_RUNPATH_SEARCH_PATHS = (
					"$(inherited)",
					"@executable_path/Frameworks",
				);
				PRODUCT_BUNDLE_IDENTIFIER = "com.krudnicki.g1-Woksape";
				PRODUCT_NAME = "$(TARGET_NAME)";
				SWIFT_VERSION = 5.0;
				TARGETED_DEVICE_FAMILY = 1;
			};
			name = Release;
		};
/* End XCBuildConfiguration section */

/* Begin XCConfigurationList section */
		A2D0A1382422F8C7004505F8 /* Build configuration list for PBXProject "g1_Woksape" */ = {
			isa = XCConfigurationList;
			buildConfigurations = (
				A2D0A1532422F8C8004505F8 /* Debug */,
				A2D0A1542422F8C8004505F8 /* Release */,
			);
			defaultConfigurationIsVisible = 0;
			defaultConfigurationName = Release;
		};
		A2D0A1552422F8C8004505F8 /* Build configuration list for PBXNativeTarget "g1_Woksape" */ = {
			isa = XCConfigurationList;
			buildConfigurations = (
				A2D0A1562422F8C8004505F8 /* Debug */,
				A2D0A1572422F8C8004505F8 /* Release */,
			);
			defaultConfigurationIsVisible = 0;
			defaultConfigurationName = Release;
		};
/* End XCConfigurationList section */
	};
	rootObject = A2D0A1352422F8C7004505F8 /* Project object */;
}
